{
    "version": 3,
    "terraform_version": "0.10.8",
    "serial": 49,
    "lineage": "6935f7d5-8bbd-4317-b4b9-7328ef73d89d",
    "modules": [
        {
            "path": [
                "root"
            ],
            "outputs": {},
            "resources": {
                "null_resource.ansible-provision": {
                    "type": "null_resource",
                    "depends_on": [
                        "openstack_compute_instance_v2.k8s-master",
                        "openstack_compute_instance_v2.k8s-node",
                        "openstack_compute_instance_v2.k8s-node.*"
                    ],
                    "primary": {
                        "id": "8442069973630555555",
                        "attributes": {
                            "id": "8442069973630555555"
                        },
                        "meta": {},
                        "tainted": false
                    },
                    "deposed": [],
                    "provider": ""
                },
                "openstack_compute_instance_v2.k8s-master": {
                    "type": "openstack_compute_instance_v2",
                    "depends_on": [],
                    "primary": {
                        "id": "c17614d1-aa0c-4aad-aa43-7d28919e953c",
                        "attributes": {
                            "access_ip_v4": "192.168.89.34",
                            "access_ip_v6": "",
                            "all_metadata.%": "0",
                            "availability_zone": "nova",
                            "flavor_id": "3",
                            "flavor_name": "m1.medium",
                            "force_delete": "false",
                            "id": "c17614d1-aa0c-4aad-aa43-7d28919e953c",
                            "image_id": "8d74cd9f-fbae-41f1-bc4a-e25b1950718a",
                            "image_name": "K8S-COREOS-Optimized",
                            "key_pair": "asmaj_pubkey",
                            "name": "k8s-master",
                            "network.#": "1",
                            "network.0.access_network": "false",
                            "network.0.fixed_ip_v4": "192.168.89.34",
                            "network.0.fixed_ip_v6": "",
                            "network.0.floating_ip": "",
                            "network.0.mac": "fa:16:3e:4f:0d:97",
                            "network.0.name": "testgrid_private_network",
                            "network.0.port": "",
                            "network.0.uuid": "21472f84-58b9-42ac-9ae2-236a8cf45c2c",
                            "region": "RegionOne",
                            "security_groups.#": "1",
                            "security_groups.3814588639": "default",
                            "stop_before_destroy": "false"
                        },
                        "meta": {
                            "e2bfb730-ecaa-11e6-8f88-34363bc7c4c0": {
                                "create": 1800000000000,
                                "delete": 1800000000000,
                                "update": 1800000000000
                            }
                        },
                        "tainted": false
                    },
                    "deposed": [],
                    "provider": ""
                },
                "openstack_compute_instance_v2.k8s-node.0": {
                    "type": "openstack_compute_instance_v2",
                    "depends_on": [],
                    "primary": {
                        "id": "e995db7f-0036-4fe4-9ddd-d4762b137d8b",
                        "attributes": {
                            "access_ip_v4": "192.168.89.35",
                            "access_ip_v6": "",
                            "all_metadata.%": "0",
                            "availability_zone": "nova",
                            "flavor_id": "3",
                            "flavor_name": "m1.medium",
                            "force_delete": "false",
                            "id": "e995db7f-0036-4fe4-9ddd-d4762b137d8b",
                            "image_id": "8d74cd9f-fbae-41f1-bc4a-e25b1950718a",
                            "image_name": "K8S-COREOS-Optimized",
                            "key_pair": "asmaj_pubkey",
                            "name": "k8s-node-0",
                            "network.#": "1",
                            "network.0.access_network": "false",
                            "network.0.fixed_ip_v4": "192.168.89.35",
                            "network.0.fixed_ip_v6": "",
                            "network.0.floating_ip": "",
                            "network.0.mac": "fa:16:3e:b1:20:c2",
                            "network.0.name": "testgrid_private_network",
                            "network.0.port": "",
                            "network.0.uuid": "21472f84-58b9-42ac-9ae2-236a8cf45c2c",
                            "region": "RegionOne",
                            "security_groups.#": "1",
                            "security_groups.3814588639": "default",
                            "stop_before_destroy": "false"
                        },
                        "meta": {
                            "e2bfb730-ecaa-11e6-8f88-34363bc7c4c0": {
                                "create": 1800000000000,
                                "delete": 1800000000000,
                                "update": 1800000000000
                            }
                        },
                        "tainted": false
                    },
                    "deposed": [],
                    "provider": ""
                },
                "openstack_compute_instance_v2.k8s-node.1": {
                    "type": "openstack_compute_instance_v2",
                    "depends_on": [],
                    "primary": {
                        "id": "cf52a401-799a-4fed-b723-388703726946",
                        "attributes": {
                            "access_ip_v4": "192.168.89.33",
                            "access_ip_v6": "",
                            "all_metadata.%": "0",
                            "availability_zone": "nova",
                            "flavor_id": "3",
                            "flavor_name": "m1.medium",
                            "force_delete": "false",
                            "id": "cf52a401-799a-4fed-b723-388703726946",
                            "image_id": "8d74cd9f-fbae-41f1-bc4a-e25b1950718a",
                            "image_name": "K8S-COREOS-Optimized",
                            "key_pair": "asmaj_pubkey",
                            "name": "k8s-node-1",
                            "network.#": "1",
                            "network.0.access_network": "false",
                            "network.0.fixed_ip_v4": "192.168.89.33",
                            "network.0.fixed_ip_v6": "",
                            "network.0.floating_ip": "",
                            "network.0.mac": "fa:16:3e:71:7e:d7",
                            "network.0.name": "testgrid_private_network",
                            "network.0.port": "",
                            "network.0.uuid": "21472f84-58b9-42ac-9ae2-236a8cf45c2c",
                            "region": "RegionOne",
                            "security_groups.#": "1",
                            "security_groups.3814588639": "default",
                            "stop_before_destroy": "false"
                        },
                        "meta": {
                            "e2bfb730-ecaa-11e6-8f88-34363bc7c4c0": {
                                "create": 1800000000000,
                                "delete": 1800000000000,
                                "update": 1800000000000
                            }
                        },
                        "tainted": false
                    },
                    "deposed": [],
                    "provider": ""
                }
            },
            "depends_on": []
        }
    ]
}
